// !$*UTF8*$!
{
	archiveVersion = 1;
	classes = {
	};
	objectVersion = 50;
	objects = {

/* Begin PBXBuildFile section */
		5015E6C425A68CDD00C20111 /* Tutorial_03App.swift in Sources */ = {isa = PBXBuildFile; fileRef = 5015E6C325A68CDD00C20111 /* Tutorial_03App.swift */; };
		5015E6C625A68CDD00C20111 /* ContentView.swift in Sources */ = {isa = PBXBuildFile; fileRef = 5015E6C525A68CDD00C20111 /* ContentView.swift */; };
		5015E6C825A68CDE00C20111 /* Assets.xcassets in Resources */ = {isa = PBXBuildFile; fileRef = 5015E6C725A68CDE00C20111 /* Assets.xcassets */; };
		5015E6CB25A68CDE00C20111 /* Preview Assets.xcassets in Resources */ = {isa = PBXBuildFile; fileRef = 5015E6CA25A68CDE00C20111 /* Preview Assets.xcassets */; };
		5015E6CD25A68CDE00C20111 /* Persistence.swift in Sources */ = {isa = PBXBuildFile; fileRef = 5015E6CC25A68CDE00C20111 /* Persistence.swift */; };
		5015E6D025A68CDE00C20111 /* Tutorial_03.xcdatamodeld in Sources */ = {isa = PBXBuildFile; fileRef = 5015E6CE25A68CDE00C20111 /* Tutorial_03.xcdatamodeld */; };
		5015E6DB25A68CDE00C20111 /* Tutorial_03Tests.swift in Sources */ = {isa = PBXBuildFile; fileRef = 5015E6DA25A68CDE00C20111 /* Tutorial_03Tests.swift */; };
		5015E6E625A68CDE00C20111 /* Tutorial_03UITests.swift in Sources */ = {isa = PBXBuildFile; fileRef = 5015E6E525A68CDE00C20111 /* Tutorial_03UITests.swift */; };
/* End PBXBuildFile section */

/* Begin PBXContainerItemProxy section */
		5015E6D725A68CDE00C20111 /* PBXContainerItemProxy */ = {
			isa = PBXContainerItemProxy;
			containerPortal = 5015E6B825A68CDD00C20111 /* Project object */;
			proxyType = 1;
			remoteGlobalIDString = 5015E6BF25A68CDD00C20111;
			remoteInfo = Tutorial_03;
		};
		5015E6E225A68CDE00C20111 /* PBXContainerItemProxy */ = {
			isa = PBXContainerItemProxy;
			containerPortal = 5015E6B825A68CDD00C20111 /* Project object */;
			proxyType = 1;
			remoteGlobalIDString = 5015E6BF25A68CDD00C20111;
			remoteInfo = Tutorial_03;
		};
/* End PBXContainerItemProxy section */

/* Begin PBXFileReference section */
		5015E6C025A68CDD00C20111 /* Tutorial_03.app */ = {isa = PBXFileReference; explicitFileType = wrapper.application; includeInIndex = 0; path = Tutorial_03.app; sourceTree = BUILT_PRODUCTS_DIR; };
		5015E6C325A68CDD00C20111 /* Tutorial_03App.swift */ = {isa = PBXFileReference; lastKnownFileType = sourcecode.swift; path = Tutorial_03App.swift; sourceTree = "<group>"; };
		5015E6C525A68CDD00C20111 /* ContentView.swift */ = {isa = PBXFileReference; lastKnownFileType = sourcecode.swift; path = ContentView.swift; sourceTree = "<group>"; };
		5015E6C725A68CDE00C20111 /* Assets.xcassets */ = {isa = PBXFileReference; lastKnownFileType = folder.assetcatalog; path = Assets.xcassets; sourceTree = "<group>"; };
		5015E6CA25A68CDE00C20111 /* Preview Assets.xcassets */ = {isa = PBXFileReference; lastKnownFileType = folder.assetcatalog; path = "Preview Assets.xcassets"; sourceTree = "<group>"; };
		5015E6CC25A68CDE00C20111 /* Persistence.swift */ = {isa = PBXFileReference; lastKnownFileType = sourcecode.swift; path = Persistence.swift; sourceTree = "<group>"; };
		5015E6CF25A68CDE00C20111 /* Tutorial_03.xcdatamodel */ = {isa = PBXFileReference; lastKnownFileType = wrapper.xcdatamodel; path = Tutorial_03.xcdatamodel; sourceTree = "<group>"; };
		5015E6D125A68CDE00C20111 /* Info.plist */ = {isa = PBXFileReference; lastKnownFileType = text.plist.xml; path = Info.plist; sourceTree = "<group>"; };
		5015E6D625A68CDE00C20111 /* Tutorial_03Tests.xctest */ = {isa = PBXFileReference; explicitFileType = wrapper.cfbundle; includeInIndex = 0; path = Tutorial_03Tests.xctest; sourceTree = BUILT_PRODUCTS_DIR; };
		5015E6DA25A68CDE00C20111 /* Tutorial_03Tests.swift */ = {isa = PBXFileReference; lastKnownFileType = sourcecode.swift; path = Tutorial_03Tests.swift; sourceTree = "<group>"; };
		5015E6DC25A68CDE00C20111 /* Info.plist */ = {isa = PBXFileReference; lastKnownFileType = text.plist.xml; path = Info.plist; sourceTree = "<group>"; };
		5015E6E125A68CDE00C20111 /* Tutorial_03UITests.xctest */ = {isa = PBXFileReference; explicitFileType = wrapper.cfbundle; includeInIndex = 0; path = Tutorial_03UITests.xctest; sourceTree = BUILT_PRODUCTS_DIR; };
		5015E6E525A68CDE00C20111 /* Tutorial_03UITests.swift */ = {isa = PBXFileReference; lastKnownFileType = sourcecode.swift; path = Tutorial_03UITests.swift; sourceTree = "<group>"; };
		5015E6E725A68CDE00C20111 /* Info.plist */ = {isa = PBXFileReference; lastKnownFileType = text.plist.xml; path = Info.plist; sourceTree = "<group>"; };
/* End PBXFileReference section */

/* Begin PBXFrameworksBuildPhase section */
		5015E6BD25A68CDD00C20111 /* Frameworks */ = {
			isa = PBXFrameworksBuildPhase;
			buildActionMask = 2147483647;
			files = (
			);
			runOnlyForDeploymentPostprocessing = 0;
		};
		5015E6D325A68CDE00C20111 /* Frameworks */ = {
			isa = PBXFrameworksBuildPhase;
			buildActionMask = 2147483647;
			files = (
			);
			runOnlyForDeploymentPostprocessing = 0;
		};
		5015E6DE25A68CDE00C20111 /* Frameworks */ = {
			isa = PBXFrameworksBuildPhase;
			buildActionMask = 2147483647;
			files = (
			);
			runOnlyForDeploymentPostprocessing = 0;
		};
/* End PBXFrameworksBuildPhase section */

/* Begin PBXGroup section */
		5015E6B725A68CDD00C20111 = {
			isa = PBXGroup;
			children = (
				5015E6C225A68CDD00C20111 /* Tutorial_03 */,
				5015E6D925A68CDE00C20111 /* Tutorial_03Tests */,
				5015E6E425A68CDE00C20111 /* Tutorial_03UITests */,
				5015E6C125A68CDD00C20111 /* Products */,
			);
			sourceTree = "<group>";
		};
		5015E6C125A68CDD00C20111 /* Products */ = {
			isa = PBXGroup;
			children = (
				5015E6C025A68CDD00C20111 /* Tutorial_03.app */,
				5015E6D625A68CDE00C20111 /* Tutorial_03Tests.xctest */,
				5015E6E125A68CDE00C20111 /* Tutorial_03UITests.xctest */,
			);
			name = Products;
			sourceTree = "<group>";
		};
		5015E6C225A68CDD00C20111 /* Tutorial_03 */ = {
			isa = PBXGroup;
			children = (
				5015E6C325A68CDD00C20111 /* Tutorial_03App.swift */,
				5015E6C525A68CDD00C20111 /* ContentView.swift */,
				5015E6C725A68CDE00C20111 /* Assets.xcassets */,
				5015E6CC25A68CDE00C20111 /* Persistence.swift */,
				5015E6D125A68CDE00C20111 /* Info.plist */,
				5015E6CE25A68CDE00C20111 /* Tutorial_03.xcdatamodeld */,
				5015E6C925A68CDE00C20111 /* Preview Content */,
			);
			path = Tutorial_03;
			sourceTree = "<group>";
		};
		5015E6C925A68CDE00C20111 /* Preview Content */ = {
			isa = PBXGroup;
			children = (
				5015E6CA25A68CDE00C20111 /* Preview Assets.xcassets */,
			);
			path = "Preview Content";
			sourceTree = "<group>";
		};
		5015E6D925A68CDE00C20111 /* Tutorial_03Tests */ = {
			isa = PBXGroup;
			children = (
				5015E6DA25A68CDE00C20111 /* Tutorial_03Tests.swift */,
				5015E6DC25A68CDE00C20111 /* Info.plist */,
			);
			path = Tutorial_03Tests;
			sourceTree = "<group>";
		};
		5015E6E425A68CDE00C20111 /* Tutorial_03UITests */ = {
			isa = PBXGroup;
			children = (
				5015E6E525A68CDE00C20111 /* Tutorial_03UITests.swift */,
				5015E6E725A68CDE00C20111 /* Info.plist */,
			);
			path = Tutorial_03UITests;
			sourceTree = "<group>";
		};
/* End PBXGroup section */

/* Begin PBXNativeTarget section */
		5015E6BF25A68CDD00C20111 /* Tutorial_03 */ = {
			isa = PBXNativeTarget;
			buildConfigurationList = 5015E6EA25A68CDE00C20111 /* Build configuration list for PBXNativeTarget "Tutorial_03" */;
			buildPhases = (
				5015E6BC25A68CDD00C20111 /* Sources */,
				5015E6BD25A68CDD00C20111 /* Frameworks */,
				5015E6BE25A68CDD00C20111 /* Resources */,
			);
			buildRules = (
			);
			dependencies = (
			);
			name = Tutorial_03;
			productName = Tutorial_03;
			productReference = 5015E6C025A68CDD00C20111 /* Tutorial_03.app */;
			productType = "com.apple.product-type.application";
		};
		5015E6D525A68CDE00C20111 /* Tutorial_03Tests */ = {
			isa = PBXNativeTarget;
			buildConfigurationList = 5015E6ED25A68CDE00C20111 /* Build configuration list for PBXNativeTarget "Tutorial_03Tests" */;
			buildPhases = (
				5015E6D225A68CDE00C20111 /* Sources */,
				5015E6D325A68CDE00C20111 /* Frameworks */,
				5015E6D425A68CDE00C20111 /* Resources */,
			);
			buildRules = (
			);
			dependencies = (
				5015E6D825A68CDE00C20111 /* PBXTargetDependency */,
			);
			name = Tutorial_03Tests;
			productName = Tutorial_03Tests;
			productReference = 5015E6D625A68CDE00C20111 /* Tutorial_03Tests.xctest */;
			productType = "com.apple.product-type.bundle.unit-test";
		};
		5015E6E025A68CDE00C20111 /* Tutorial_03UITests */ = {
			isa = PBXNativeTarget;
			buildConfigurationList = 5015E6F025A68CDE00C20111 /* Build configuration list for PBXNativeTarget "Tutorial_03UITests" */;
			buildPhases = (
				5015E6DD25A68CDE00C20111 /* Sources */,
				5015E6DE25A68CDE00C20111 /* Frameworks */,
				5015E6DF25A68CDE00C20111 /* Resources */,
			);
			buildRules = (
			);
			dependencies = (
				5015E6E325A68CDE00C20111 /* PBXTargetDependency */,
			);
			name = Tutorial_03UITests;
			productName = Tutorial_03UITests;
			productReference = 5015E6E125A68CDE00C20111 /* Tutorial_03UITests.xctest */;
			productType = "com.apple.product-type.bundle.ui-testing";
		};
/* End PBXNativeTarget section */

/* Begin PBXProject section */
		5015E6B825A68CDD00C20111 /* Project object */ = {
			isa = PBXProject;
			attributes = {
				LastSwiftUpdateCheck = 1230;
				LastUpgradeCheck = 1230;
				TargetAttributes = {
					5015E6BF25A68CDD00C20111 = {
						CreatedOnToolsVersion = 12.3;
					};
					5015E6D525A68CDE00C20111 = {
						CreatedOnToolsVersion = 12.3;
						TestTargetID = 5015E6BF25A68CDD00C20111;
					};
					5015E6E025A68CDE00C20111 = {
						CreatedOnToolsVersion = 12.3;
						TestTargetID = 5015E6BF25A68CDD00C20111;
					};
				};
			};
			buildConfigurationList = 5015E6BB25A68CDD00C20111 /* Build configuration list for PBXProject "Tutorial_03" */;
			compatibilityVersion = "Xcode 9.3";
			developmentRegion = en;
			hasScannedForEncodings = 0;
			knownRegions = (
				en,
				Base,
			);
			mainGroup = 5015E6B725A68CDD00C20111;
			productRefGroup = 5015E6C125A68CDD00C20111 /* Products */;
			projectDirPath = "";
			projectRoot = "";
			targets = (
				5015E6BF25A68CDD00C20111 /* Tutorial_03 */,
				5015E6D525A68CDE00C20111 /* Tutorial_03Tests */,
				5015E6E025A68CDE00C20111 /* Tutorial_03UITests */,
			);
		};
/* End PBXProject section */

/* Begin PBXResourcesBuildPhase section */
		5015E6BE25A68CDD00C20111 /* Resources */ = {
			isa = PBXResourcesBuildPhase;
			buildActionMask = 2147483647;
			files = (
				5015E6CB25A68CDE00C20111 /* Preview Assets.xcassets in Resources */,
				5015E6C825A68CDE00C20111 /* Assets.xcassets in Resources */,
			);
			runOnlyForDeploymentPostprocessing = 0;
		};
		5015E6D425A68CDE00C20111 /* Resources */ = {
			isa = PBXResourcesBuildPhase;
			buildActionMask = 2147483647;
			files = (
			);
			runOnlyForDeploymentPostprocessing = 0;
		};
		5015E6DF25A68CDE00C20111 /* Resources */ = {
			isa = PBXResourcesBuildPhase;
			buildActionMask = 2147483647;
			files = (
			);
			runOnlyForDeploymentPostprocessing = 0;
		};
/* End PBXResourcesBuildPhase section */

/* Begin PBXSourcesBuildPhase section */
		5015E6BC25A68CDD00C20111 /* Sources */ = {
			isa = PBXSourcesBuildPhase;
			buildActionMask = 2147483647;
			files = (
				5015E6CD25A68CDE00C20111 /* Persistence.swift in Sources */,
				5015E6C625A68CDD00C20111 /* ContentView.swift in Sources */,
				5015E6D025A68CDE00C20111 /* Tutorial_03.xcdatamodeld in Sources */,
				5015E6C425A68CDD00C20111 /* Tutorial_03App.swift in Sources */,
			);
			runOnlyForDeploymentPostprocessing = 0;
		};
		5015E6D225A68CDE00C20111 /* Sources */ = {
			isa = PBXSourcesBuildPhase;
			buildActionMask = 2147483647;
			files = (
				5015E6DB25A68CDE00C20111 /* Tutorial_03Tests.swift in Sources */,
			);
			runOnlyForDeploymentPostprocessing = 0;
		};
		5015E6DD25A68CDE00C20111 /* Sources */ = {
			isa = PBXSourcesBuildPhase;
			buildActionMask = 2147483647;
			files = (
				5015E6E625A68CDE00C20111 /* Tutorial_03UITests.swift in Sources */,
			);
			runOnlyForDeploymentPostprocessing = 0;
		};
/* End PBXSourcesBuildPhase section */

/* Begin PBXTargetDependency section */
		5015E6D825A68CDE00C20111 /* PBXTargetDependency */ = {
			isa = PBXTargetDependency;
			target = 5015E6BF25A68CDD00C20111 /* Tutorial_03 */;
			targetProxy = 5015E6D725A68CDE00C20111 /* PBXContainerItemProxy */;
		};
		5015E6E325A68CDE00C20111 /* PBXTargetDependency */ = {
			isa = PBXTargetDependency;
			target = 5015E6BF25A68CDD00C20111 /* Tutorial_03 */;
			targetProxy = 5015E6E225A68CDE00C20111 /* PBXContainerItemProxy */;
		};
/* End PBXTargetDependency section */

/* Begin XCBuildConfiguration section */
		5015E6E825A68CDE00C20111 /* Debug */ = {
			isa = XCBuildConfiguration;
			buildSettings = {
				ALWAYS_SEARCH_USER_PATHS = NO;
				CLANG_ANALYZER_NONNULL = YES;
				CLANG_ANALYZER_NUMBER_OBJECT_CONVERSION = YES_AGGRESSIVE;
				CLANG_CXX_LANGUAGE_STANDARD = "gnu++14";
				CLANG_CXX_LIBRARY = "libc++";
				CLANG_ENABLE_MODULES = YES;
				CLANG_ENABLE_OBJC_ARC = YES;
				CLANG_ENABLE_OBJC_WEAK = YES;
				CLANG_WARN_BLOCK_CAPTURE_AUTORELEASING = YES;
				CLANG_WARN_BOOL_CONVERSION = YES;
				CLANG_WARN_COMMA = YES;
				CLANG_WARN_CONSTANT_CONVERSION = YES;
				CLANG_WARN_DEPRECATED_OBJC_IMPLEMENTATIONS = YES;
				CLANG_WARN_DIRECT_OBJC_ISA_USAGE = YES_ERROR;
				CLANG_WARN_DOCUMENTATION_COMMENTS = YES;
				CLANG_WARN_EMPTY_BODY = YES;
				CLANG_WARN_ENUM_CONVERSION = YES;
				CLANG_WARN_INFINITE_RECURSION = YES;
				CLANG_WARN_INT_CONVERSION = YES;
				CLANG_WARN_NON_LITERAL_NULL_CONVERSION = YES;
				CLANG_WARN_OBJC_IMPLICIT_RETAIN_SELF = YES;
				CLANG_WARN_OBJC_LITERAL_CONVERSION = YES;
				CLANG_WARN_OBJC_ROOT_CLASS = YES_ERROR;
				CLANG_WARN_QUOTED_INCLUDE_IN_FRAMEWORK_HEADER = YES;
				CLANG_WARN_RANGE_LOOP_ANALYSIS = YES;
				CLANG_WARN_STRICT_PROTOTYPES = YES;
				CLANG_WARN_SUSPICIOUS_MOVE = YES;
				CLANG_WARN_UNGUARDED_AVAILABILITY = YES_AGGRESSIVE;
				CLANG_WARN_UNREACHABLE_CODE = YES;
				CLANG_WARN__DUPLICATE_METHOD_MATCH = YES;
				COPY_PHASE_STRIP = NO;
				DEBUG_INFORMATION_FORMAT = dwarf;
				ENABLE_STRICT_OBJC_MSGSEND = YES;
				ENABLE_TESTABILITY = YES;
				GCC_C_LANGUAGE_STANDARD = gnu11;
				GCC_DYNAMIC_NO_PIC = NO;
				GCC_NO_COMMON_BLOCKS = YES;
				GCC_OPTIMIZATION_LEVEL = 0;
				GCC_PREPROCESSOR_DEFINITIONS = (
					"DEBUG=1",
					"$(inherited)",
				);
				GCC_WARN_64_TO_32_BIT_CONVERSION = YES;
				GCC_WARN_ABOUT_RETURN_TYPE = YES_ERROR;
				GCC_WARN_UNDECLARED_SELECTOR = YES;
				GCC_WARN_UNINITIALIZED_AUTOS = YES_AGGRESSIVE;
				GCC_WARN_UNUSED_FUNCTION = YES;
				GCC_WARN_UNUSED_VARIABLE = YES;
				IPHONEOS_DEPLOYMENT_TARGET = 14.3;
				MTL_ENABLE_DEBUG_INFO = INCLUDE_SOURCE;
				MTL_FAST_MATH = YES;
				ONLY_ACTIVE_ARCH = YES;
				SDKROOT = iphoneos;
				SWIFT_ACTIVE_COMPILATION_CONDITIONS = DEBUG;
				SWIFT_OPTIMIZATION_LEVEL = "-Onone";
			};
			name = Debug;
		};
		5015E6E925A68CDE00C20111 /* Release */ = {
			isa = XCBuildConfiguration;
			buildSettings = {
				ALWAYS_SEARCH_USER_PATHS = NO;
				CLANG_ANALYZER_NONNULL = YES;
				CLANG_ANALYZER_NUMBER_OBJECT_CONVERSION = YES_AGGRESSIVE;
				CLANG_CXX_LANGUAGE_STANDARD = "gnu++14";
				CLANG_CXX_LIBRARY = "libc++";
				CLANG_ENABLE_MODULES = YES;
				CLANG_ENABLE_OBJC_ARC = YES;
				CLANG_ENABLE_OBJC_WEAK = YES;
				CLANG_WARN_BLOCK_CAPTURE_AUTORELEASING = YES;
				CLANG_WARN_BOOL_CONVERSION = YES;
				CLANG_WARN_COMMA = YES;
				CLANG_WARN_CONSTANT_CONVERSION = YES;
				CLANG_WARN_DEPRECATED_OBJC_IMPLEMENTATIONS = YES;
				CLANG_WARN_DIRECT_OBJC_ISA_USAGE = YES_ERROR;
				CLANG_WARN_DOCUMENTATION_COMMENTS = YES;
				CLANG_WARN_EMPTY_BODY = YES;
				CLANG_WARN_ENUM_CONVERSION = YES;
				CLANG_WARN_INFINITE_RECURSION = YES;
				CLANG_WARN_INT_CONVERSION = YES;
				CLANG_WARN_NON_LITERAL_NULL_CONVERSION = YES;
				CLANG_WARN_OBJC_IMPLICIT_RETAIN_SELF = YES;
				CLANG_WARN_OBJC_LITERAL_CONVERSION = YES;
				CLANG_WARN_OBJC_ROOT_CLASS = YES_ERROR;
				CLANG_WARN_QUOTED_INCLUDE_IN_FRAMEWORK_HEADER = YES;
				CLANG_WARN_RANGE_LOOP_ANALYSIS = YES;
				CLANG_WARN_STRICT_PROTOTYPES = YES;
				CLANG_WARN_SUSPICIOUS_MOVE = YES;
				CLANG_WARN_UNGUARDED_AVAILABILITY = YES_AGGRESSIVE;
				CLANG_WARN_UNREACHABLE_CODE = YES;
				CLANG_WARN__DUPLICATE_METHOD_MATCH = YES;
				COPY_PHASE_STRIP = NO;
				DEBUG_INFORMATION_FORMAT = "dwarf-with-dsym";
				ENABLE_NS_ASSERTIONS = NO;
				ENABLE_STRICT_OBJC_MSGSEND = YES;
				GCC_C_LANGUAGE_STANDARD = gnu11;
				GCC_NO_COMMON_BLOCKS = YES;
				GCC_WARN_64_TO_32_BIT_CONVERSION = YES;
				GCC_WARN_ABOUT_RETURN_TYPE = YES_ERROR;
				GCC_WARN_UNDECLARED_SELECTOR = YES;
				GCC_WARN_UNINITIALIZED_AUTOS = YES_AGGRESSIVE;
				GCC_WARN_UNUSED_FUNCTION = YES;
				GCC_WARN_UNUSED_VARIABLE = YES;
				IPHONEOS_DEPLOYMENT_TARGET = 14.3;
				MTL_ENABLE_DEBUG_INFO = NO;
				MTL_FAST_MATH = YES;
				SDKROOT = iphoneos;
				SWIFT_COMPILATION_MODE = wholemodule;
				SWIFT_OPTIMIZATION_LEVEL = "-O";
				VALIDATE_PRODUCT = YES;
			};
			name = Release;
		};
		5015E6EB25A68CDE00C20111 /* Debug */ = {
			isa = XCBuildConfiguration;
			buildSettings = {
				ASSETCATALOG_COMPILER_APPICON_NAME = AppIcon;
				ASSETCATALOG_COMPILER_GLOBAL_ACCENT_COLOR_NAME = AccentColor;
				CODE_SIGN_STYLE = Automatic;
				DEVELOPMENT_ASSET_PATHS = "\"Tutorial_03/Preview Content\"";
				DEVELOPMENT_TEAM = CPJD36ZF3B;
				ENABLE_PREVIEWS = YES;
				INFOPLIST_FILE = Tutorial_03/Info.plist;
				IPHONEOS_DEPLOYMENT_TARGET = 14.0;
				LD_RUNPATH_SEARCH_PATHS = (
					"$(inherited)",
					"@executable_path/Frameworks",
				);
				PRODUCT_BUNDLE_IDENTIFIER = "com.TestCompany.Tutorial-03";
				PRODUCT_NAME = "$(TARGET_NAME)";
				SWIFT_VERSION = 5.0;
				TARGETED_DEVICE_FAMILY = "1,2";
			};
			name = Debug;
		};
		5015E6EC25A68CDE00C20111 /* Release */ = {
			isa = XCBuildConfiguration;
			buildSettings = {
				ASSETCATALOG_COMPILER_APPICON_NAME = AppIcon;
				ASSETCATALOG_COMPILER_GLOBAL_ACCENT_COLOR_NAME = AccentColor;
				CODE_SIGN_STYLE = Automatic;
				DEVELOPMENT_ASSET_PATHS = "\"Tutorial_03/Preview Content\"";
				DEVELOPMENT_TEAM = CPJD36ZF3B;
				ENABLE_PREVIEWS = YES;
				INFOPLIST_FILE = Tutorial_03/Info.plist;
				IPHONEOS_DEPLOYMENT_TARGET = 14.0;
				LD_RUNPATH_SEARCH_PATHS = (
					"$(inherited)",
					"@executable_path/Frameworks",
				);
				PRODUCT_BUNDLE_IDENTIFIER = "com.TestCompany.Tutorial-03";
				PRODUCT_NAME = "$(TARGET_NAME)";
				SWIFT_VERSION = 5.0;
				TARGETED_DEVICE_FAMILY = "1,2";
			};
			name = Release;
		};
		5015E6EE25A68CDE00C20111 /* Debug */ = {
			isa = XCBuildConfiguration;
			buildSettings = {
				ALWAYS_EMBED_SWIFT_STANDARD_LIBRARIES = YES;
				BUNDLE_LOADER = "$(TEST_HOST)";
				CODE_SIGN_STYLE = Automatic;
				DEVELOPMENT_TEAM = CPJD36ZF3B;
				INFOPLIST_FILE = Tutorial_03Tests/Info.plist;
				IPHONEOS_DEPLOYMENT_TARGET = 14.0;
				LD_RUNPATH_SEARCH_PATHS = (
					"$(inherited)",
					"@executable_path/Frameworks",
					"@loader_path/Frameworks",
				);
				PRODUCT_BUNDLE_IDENTIFIER = "com.TestCompany.Tutorial-03Tests";
				PRODUCT_NAME = "$(TARGET_NAME)";
				SWIFT_VERSION = 5.0;
				TARGETED_DEVICE_FAMILY = "1,2";
				TEST_HOST = "$(BUILT_PRODUCTS_DIR)/Tutorial_03.app/Tutorial_03";
			};
			name = Debug;
		};
		5015E6EF25A68CDE00C20111 /* Release */ = {
			isa = XCBuildConfiguration;
			buildSettings = {
				ALWAYS_EMBED_SWIFT_STANDARD_LIBRARIES = YES;
				BUNDLE_LOADER = "$(TEST_HOST)";
				CODE_SIGN_STYLE = Automatic;
				DEVELOPMENT_TEAM = CPJD36ZF3B;
				INFOPLIST_FILE = Tutorial_03Tests/Info.plist;
				IPHONEOS_DEPLOYMENT_TARGET = 14.0;
				LD_RUNPATH_SEARCH_PATHS = (
					"$(inherited)",
					"@executable_path/Frameworks",
					"@loader_path/Frameworks",
				);
				PRODUCT_BUNDLE_IDENTIFIER = "com.TestCompany.Tutorial-03Tests";
				PRODUCT_NAME = "$(TARGET_NAME)";
				SWIFT_VERSION = 5.0;
				TARGETED_DEVICE_FAMILY = "1,2";
				TEST_HOST = "$(BUILT_PRODUCTS_DIR)/Tutorial_03.app/Tutorial_03";
			};
			name = Release;
		};
		5015E6F125A68CDE00C20111 /* Debug */ = {
			isa = XCBuildConfiguration;
			buildSettings = {
				ALWAYS_EMBED_SWIFT_STANDARD_LIBRARIES = YES;
				CODE_SIGN_STYLE = Automatic;
				DEVELOPMENT_TEAM = CPJD36ZF3B;
				INFOPLIST_FILE = Tutorial_03UITests/Info.plist;
				LD_RUNPATH_SEARCH_PATHS = (
					"$(inherited)",
					"@executable_path/Frameworks",
					"@loader_path/Frameworks",
				);
				PRODUCT_BUNDLE_IDENTIFIER = "com.TestCompany.Tutorial-03UITests";
				PRODUCT_NAME = "$(TARGET_NAME)";
				SWIFT_VERSION = 5.0;
				TARGETED_DEVICE_FAMILY = "1,2";
				TEST_TARGET_NAME = Tutorial_03;
			};
			name = Debug;
		};
		5015E6F225A68CDE00C20111 /* Release */ = {
			isa = XCBuildConfiguration;
			buildSettings = {
				ALWAYS_EMBED_SWIFT_STANDARD_LIBRARIES = YES;
				CODE_SIGN_STYLE = Automatic;
				DEVELOPMENT_TEAM = CPJD36ZF3B;
				INFOPLIST_FILE = Tutorial_03UITests/Info.plist;
				LD_RUNPATH_SEARCH_PATHS = (
					"$(inherited)",
					"@executable_path/Frameworks",
					"@loader_path/Frameworks",
				);
				PRODUCT_BUNDLE_IDENTIFIER = "com.TestCompany.Tutorial-03UITests";
				PRODUCT_NAME = "$(TARGET_NAME)";
				SWIFT_VERSION = 5.0;
				TARGETED_DEVICE_FAMILY = "1,2";
				TEST_TARGET_NAME = Tutorial_03;
			};
			name = Release;
		};
/* End XCBuildConfiguration section */

/* Begin XCConfigurationList section */
		5015E6BB25A68CDD00C20111 /* Build configuration list for PBXProject "Tutorial_03" */ = {
			isa = XCConfigurationList;
			buildConfigurations = (
				5015E6E825A68CDE00C20111 /* Debug */,
				5015E6E925A68CDE00C20111 /* Release */,
			);
			defaultConfigurationIsVisible = 0;
			defaultConfigurationName = Release;
		};
		5015E6EA25A68CDE00C20111 /* Build configuration list for PBXNativeTarget "Tutorial_03" */ = {
			isa = XCConfigurationList;
			buildConfigurations = (
				5015E6EB25A68CDE00C20111 /* Debug */,
				5015E6EC25A68CDE00C20111 /* Release */,
			);
			defaultConfigurationIsVisible = 0;
			defaultConfigurationName = Release;
		};
		5015E6ED25A68CDE00C20111 /* Build configuration list for PBXNativeTarget "Tutorial_03Tests" */ = {
			isa = XCConfigurationList;
			buildConfigurations = (
				5015E6EE25A68CDE00C20111 /* Debug */,
				5015E6EF25A68CDE00C20111 /* Release */,
			);
			defaultConfigurationIsVisible = 0;
			defaultConfigurationName = Release;
		};
		5015E6F025A68CDE00C20111 /* Build configuration list for PBXNativeTarget "Tutorial_03UITests" */ = {
			isa = XCConfigurationList;
			buildConfigurations = (
				5015E6F125A68CDE00C20111 /* Debug */,
				5015E6F225A68CDE00C20111 /* Release */,
			);
			defaultConfigurationIsVisible = 0;
			defaultConfigurationName = Release;
		};
/* End XCConfigurationList section */

/* Begin XCVersionGroup section */
		5015E6CE25A68CDE00C20111 /* Tutorial_03.xcdatamodeld */ = {
			isa = XCVersionGroup;
			children = (
				5015E6CF25A68CDE00C20111 /* Tutorial_03.xcdatamodel */,
			);
			currentVersion = 5015E6CF25A68CDE00C20111 /* Tutorial_03.xcdatamodel */;
			path = Tutorial_03.xcdatamodeld;
			sourceTree = "<group>";
			versionGroupType = wrapper.xcdatamodel;
		};
/* End XCVersionGroup section */
	};
	rootObject = 5015E6B825A68CDD00C20111 /* Project object */;
}
