// !$*UTF8*$!
{
	archiveVersion = 1;
	classes = {
	};
	objectVersion = 50;
	objects = {

/* Begin PBXBuildFile section */
		5015E68525A68CCE00C20111 /* Tutorial_02App.swift in Sources */ = {isa = PBXBuildFile; fileRef = 5015E68425A68CCE00C20111 /* Tutorial_02App.swift */; };
		5015E68725A68CCE00C20111 /* ContentView.swift in Sources */ = {isa = PBXBuildFile; fileRef = 5015E68625A68CCE00C20111 /* ContentView.swift */; };
		5015E68925A68CCF00C20111 /* Assets.xcassets in Resources */ = {isa = PBXBuildFile; fileRef = 5015E68825A68CCF00C20111 /* Assets.xcassets */; };
		5015E68C25A68CCF00C20111 /* Preview Assets.xcassets in Resources */ = {isa = PBXBuildFile; fileRef = 5015E68B25A68CCF00C20111 /* Preview Assets.xcassets */; };
		5015E68E25A68CCF00C20111 /* Persistence.swift in Sources */ = {isa = PBXBuildFile; fileRef = 5015E68D25A68CCF00C20111 /* Persistence.swift */; };
		5015E69125A68CCF00C20111 /* Tutorial_02.xcdatamodeld in Sources */ = {isa = PBXBuildFile; fileRef = 5015E68F25A68CCF00C20111 /* Tutorial_02.xcdatamodeld */; };
		5015E69C25A68CD000C20111 /* Tutorial_02Tests.swift in Sources */ = {isa = PBXBuildFile; fileRef = 5015E69B25A68CD000C20111 /* Tutorial_02Tests.swift */; };
		5015E6A725A68CD000C20111 /* Tutorial_02UITests.swift in Sources */ = {isa = PBXBuildFile; fileRef = 5015E6A625A68CD000C20111 /* Tutorial_02UITests.swift */; };
/* End PBXBuildFile section */

/* Begin PBXContainerItemProxy section */
		5015E69825A68CD000C20111 /* PBXContainerItemProxy */ = {
			isa = PBXContainerItemProxy;
			containerPortal = 5015E67925A68CCE00C20111 /* Project object */;
			proxyType = 1;
			remoteGlobalIDString = 5015E68025A68CCE00C20111;
			remoteInfo = Tutorial_02;
		};
		5015E6A325A68CD000C20111 /* PBXContainerItemProxy */ = {
			isa = PBXContainerItemProxy;
			containerPortal = 5015E67925A68CCE00C20111 /* Project object */;
			proxyType = 1;
			remoteGlobalIDString = 5015E68025A68CCE00C20111;
			remoteInfo = Tutorial_02;
		};
/* End PBXContainerItemProxy section */

/* Begin PBXFileReference section */
		5015E68125A68CCE00C20111 /* Tutorial_02.app */ = {isa = PBXFileReference; explicitFileType = wrapper.application; includeInIndex = 0; path = Tutorial_02.app; sourceTree = BUILT_PRODUCTS_DIR; };
		5015E68425A68CCE00C20111 /* Tutorial_02App.swift */ = {isa = PBXFileReference; lastKnownFileType = sourcecode.swift; path = Tutorial_02App.swift; sourceTree = "<group>"; };
		5015E68625A68CCE00C20111 /* ContentView.swift */ = {isa = PBXFileReference; lastKnownFileType = sourcecode.swift; path = ContentView.swift; sourceTree = "<group>"; };
		5015E68825A68CCF00C20111 /* Assets.xcassets */ = {isa = PBXFileReference; lastKnownFileType = folder.assetcatalog; path = Assets.xcassets; sourceTree = "<group>"; };
		5015E68B25A68CCF00C20111 /* Preview Assets.xcassets */ = {isa = PBXFileReference; lastKnownFileType = folder.assetcatalog; path = "Preview Assets.xcassets"; sourceTree = "<group>"; };
		5015E68D25A68CCF00C20111 /* Persistence.swift */ = {isa = PBXFileReference; lastKnownFileType = sourcecode.swift; path = Persistence.swift; sourceTree = "<group>"; };
		5015E69025A68CCF00C20111 /* Tutorial_02.xcdatamodel */ = {isa = PBXFileReference; lastKnownFileType = wrapper.xcdatamodel; path = Tutorial_02.xcdatamodel; sourceTree = "<group>"; };
		5015E69225A68CCF00C20111 /* Info.plist */ = {isa = PBXFileReference; lastKnownFileType = text.plist.xml; path = Info.plist; sourceTree = "<group>"; };
		5015E69725A68CD000C20111 /* Tutorial_02Tests.xctest */ = {isa = PBXFileReference; explicitFileType = wrapper.cfbundle; includeInIndex = 0; path = Tutorial_02Tests.xctest; sourceTree = BUILT_PRODUCTS_DIR; };
		5015E69B25A68CD000C20111 /* Tutorial_02Tests.swift */ = {isa = PBXFileReference; lastKnownFileType = sourcecode.swift; path = Tutorial_02Tests.swift; sourceTree = "<group>"; };
		5015E69D25A68CD000C20111 /* Info.plist */ = {isa = PBXFileReference; lastKnownFileType = text.plist.xml; path = Info.plist; sourceTree = "<group>"; };
		5015E6A225A68CD000C20111 /* Tutorial_02UITests.xctest */ = {isa = PBXFileReference; explicitFileType = wrapper.cfbundle; includeInIndex = 0; path = Tutorial_02UITests.xctest; sourceTree = BUILT_PRODUCTS_DIR; };
		5015E6A625A68CD000C20111 /* Tutorial_02UITests.swift */ = {isa = PBXFileReference; lastKnownFileType = sourcecode.swift; path = Tutorial_02UITests.swift; sourceTree = "<group>"; };
		5015E6A825A68CD000C20111 /* Info.plist */ = {isa = PBXFileReference; lastKnownFileType = text.plist.xml; path = Info.plist; sourceTree = "<group>"; };
/* End PBXFileReference section */

/* Begin PBXFrameworksBuildPhase section */
		5015E67E25A68CCE00C20111 /* Frameworks */ = {
			isa = PBXFrameworksBuildPhase;
			buildActionMask = 2147483647;
			files = (
			);
			runOnlyForDeploymentPostprocessing = 0;
		};
		5015E69425A68CD000C20111 /* Frameworks */ = {
			isa = PBXFrameworksBuildPhase;
			buildActionMask = 2147483647;
			files = (
			);
			runOnlyForDeploymentPostprocessing = 0;
		};
		5015E69F25A68CD000C20111 /* Frameworks */ = {
			isa = PBXFrameworksBuildPhase;
			buildActionMask = 2147483647;
			files = (
			);
			runOnlyForDeploymentPostprocessing = 0;
		};
/* End PBXFrameworksBuildPhase section */

/* Begin PBXGroup section */
		5015E67825A68CCE00C20111 = {
			isa = PBXGroup;
			children = (
				5015E68325A68CCE00C20111 /* Tutorial_02 */,
				5015E69A25A68CD000C20111 /* Tutorial_02Tests */,
				5015E6A525A68CD000C20111 /* Tutorial_02UITests */,
				5015E68225A68CCE00C20111 /* Products */,
			);
			sourceTree = "<group>";
		};
		5015E68225A68CCE00C20111 /* Products */ = {
			isa = PBXGroup;
			children = (
				5015E68125A68CCE00C20111 /* Tutorial_02.app */,
				5015E69725A68CD000C20111 /* Tutorial_02Tests.xctest */,
				5015E6A225A68CD000C20111 /* Tutorial_02UITests.xctest */,
			);
			name = Products;
			sourceTree = "<group>";
		};
		5015E68325A68CCE00C20111 /* Tutorial_02 */ = {
			isa = PBXGroup;
			children = (
				5015E68425A68CCE00C20111 /* Tutorial_02App.swift */,
				5015E68625A68CCE00C20111 /* ContentView.swift */,
				5015E68825A68CCF00C20111 /* Assets.xcassets */,
				5015E68D25A68CCF00C20111 /* Persistence.swift */,
				5015E69225A68CCF00C20111 /* Info.plist */,
				5015E68F25A68CCF00C20111 /* Tutorial_02.xcdatamodeld */,
				5015E68A25A68CCF00C20111 /* Preview Content */,
			);
			path = Tutorial_02;
			sourceTree = "<group>";
		};
		5015E68A25A68CCF00C20111 /* Preview Content */ = {
			isa = PBXGroup;
			children = (
				5015E68B25A68CCF00C20111 /* Preview Assets.xcassets */,
			);
			path = "Preview Content";
			sourceTree = "<group>";
		};
		5015E69A25A68CD000C20111 /* Tutorial_02Tests */ = {
			isa = PBXGroup;
			children = (
				5015E69B25A68CD000C20111 /* Tutorial_02Tests.swift */,
				5015E69D25A68CD000C20111 /* Info.plist */,
			);
			path = Tutorial_02Tests;
			sourceTree = "<group>";
		};
		5015E6A525A68CD000C20111 /* Tutorial_02UITests */ = {
			isa = PBXGroup;
			children = (
				5015E6A625A68CD000C20111 /* Tutorial_02UITests.swift */,
				5015E6A825A68CD000C20111 /* Info.plist */,
			);
			path = Tutorial_02UITests;
			sourceTree = "<group>";
		};
/* End PBXGroup section */

/* Begin PBXNativeTarget section */
		5015E68025A68CCE00C20111 /* Tutorial_02 */ = {
			isa = PBXNativeTarget;
			buildConfigurationList = 5015E6AB25A68CD000C20111 /* Build configuration list for PBXNativeTarget "Tutorial_02" */;
			buildPhases = (
				5015E67D25A68CCE00C20111 /* Sources */,
				5015E67E25A68CCE00C20111 /* Frameworks */,
				5015E67F25A68CCE00C20111 /* Resources */,
			);
			buildRules = (
			);
			dependencies = (
			);
			name = Tutorial_02;
			productName = Tutorial_02;
			productReference = 5015E68125A68CCE00C20111 /* Tutorial_02.app */;
			productType = "com.apple.product-type.application";
		};
		5015E69625A68CD000C20111 /* Tutorial_02Tests */ = {
			isa = PBXNativeTarget;
			buildConfigurationList = 5015E6AE25A68CD000C20111 /* Build configuration list for PBXNativeTarget "Tutorial_02Tests" */;
			buildPhases = (
				5015E69325A68CD000C20111 /* Sources */,
				5015E69425A68CD000C20111 /* Frameworks */,
				5015E69525A68CD000C20111 /* Resources */,
			);
			buildRules = (
			);
			dependencies = (
				5015E69925A68CD000C20111 /* PBXTargetDependency */,
			);
			name = Tutorial_02Tests;
			productName = Tutorial_02Tests;
			productReference = 5015E69725A68CD000C20111 /* Tutorial_02Tests.xctest */;
			productType = "com.apple.product-type.bundle.unit-test";
		};
		5015E6A125A68CD000C20111 /* Tutorial_02UITests */ = {
			isa = PBXNativeTarget;
			buildConfigurationList = 5015E6B125A68CD000C20111 /* Build configuration list for PBXNativeTarget "Tutorial_02UITests" */;
			buildPhases = (
				5015E69E25A68CD000C20111 /* Sources */,
				5015E69F25A68CD000C20111 /* Frameworks */,
				5015E6A025A68CD000C20111 /* Resources */,
			);
			buildRules = (
			);
			dependencies = (
				5015E6A425A68CD000C20111 /* PBXTargetDependency */,
			);
			name = Tutorial_02UITests;
			productName = Tutorial_02UITests;
			productReference = 5015E6A225A68CD000C20111 /* Tutorial_02UITests.xctest */;
			productType = "com.apple.product-type.bundle.ui-testing";
		};
/* End PBXNativeTarget section */

/* Begin PBXProject section */
		5015E67925A68CCE00C20111 /* Project object */ = {
			isa = PBXProject;
			attributes = {
				LastSwiftUpdateCheck = 1230;
				LastUpgradeCheck = 1230;
				TargetAttributes = {
					5015E68025A68CCE00C20111 = {
						CreatedOnToolsVersion = 12.3;
					};
					5015E69625A68CD000C20111 = {
						CreatedOnToolsVersion = 12.3;
						TestTargetID = 5015E68025A68CCE00C20111;
					};
					5015E6A125A68CD000C20111 = {
						CreatedOnToolsVersion = 12.3;
						TestTargetID = 5015E68025A68CCE00C20111;
					};
				};
			};
			buildConfigurationList = 5015E67C25A68CCE00C20111 /* Build configuration list for PBXProject "Tutorial_02" */;
			compatibilityVersion = "Xcode 9.3";
			developmentRegion = en;
			hasScannedForEncodings = 0;
			knownRegions = (
				en,
				Base,
			);
			mainGroup = 5015E67825A68CCE00C20111;
			productRefGroup = 5015E68225A68CCE00C20111 /* Products */;
			projectDirPath = "";
			projectRoot = "";
			targets = (
				5015E68025A68CCE00C20111 /* Tutorial_02 */,
				5015E69625A68CD000C20111 /* Tutorial_02Tests */,
				5015E6A125A68CD000C20111 /* Tutorial_02UITests */,
			);
		};
/* End PBXProject section */

/* Begin PBXResourcesBuildPhase section */
		5015E67F25A68CCE00C20111 /* Resources */ = {
			isa = PBXResourcesBuildPhase;
			buildActionMask = 2147483647;
			files = (
				5015E68C25A68CCF00C20111 /* Preview Assets.xcassets in Resources */,
				5015E68925A68CCF00C20111 /* Assets.xcassets in Resources */,
			);
			runOnlyForDeploymentPostprocessing = 0;
		};
		5015E69525A68CD000C20111 /* Resources */ = {
			isa = PBXResourcesBuildPhase;
			buildActionMask = 2147483647;
			files = (
			);
			runOnlyForDeploymentPostprocessing = 0;
		};
		5015E6A025A68CD000C20111 /* Resources */ = {
			isa = PBXResourcesBuildPhase;
			buildActionMask = 2147483647;
			files = (
			);
			runOnlyForDeploymentPostprocessing = 0;
		};
/* End PBXResourcesBuildPhase section */

/* Begin PBXSourcesBuildPhase section */
		5015E67D25A68CCE00C20111 /* Sources */ = {
			isa = PBXSourcesBuildPhase;
			buildActionMask = 2147483647;
			files = (
				5015E68E25A68CCF00C20111 /* Persistence.swift in Sources */,
				5015E69125A68CCF00C20111 /* Tutorial_02.xcdatamodeld in Sources */,
				5015E68725A68CCE00C20111 /* ContentView.swift in Sources */,
				5015E68525A68CCE00C20111 /* Tutorial_02App.swift in Sources */,
			);
			runOnlyForDeploymentPostprocessing = 0;
		};
		5015E69325A68CD000C20111 /* Sources */ = {
			isa = PBXSourcesBuildPhase;
			buildActionMask = 2147483647;
			files = (
				5015E69C25A68CD000C20111 /* Tutorial_02Tests.swift in Sources */,
			);
			runOnlyForDeploymentPostprocessing = 0;
		};
		5015E69E25A68CD000C20111 /* Sources */ = {
			isa = PBXSourcesBuildPhase;
			buildActionMask = 2147483647;
			files = (
				5015E6A725A68CD000C20111 /* Tutorial_02UITests.swift in Sources */,
			);
			runOnlyForDeploymentPostprocessing = 0;
		};
/* End PBXSourcesBuildPhase section */

/* Begin PBXTargetDependency section */
		5015E69925A68CD000C20111 /* PBXTargetDependency */ = {
			isa = PBXTargetDependency;
			target = 5015E68025A68CCE00C20111 /* Tutorial_02 */;
			targetProxy = 5015E69825A68CD000C20111 /* PBXContainerItemProxy */;
		};
		5015E6A425A68CD000C20111 /* PBXTargetDependency */ = {
			isa = PBXTargetDependency;
			target = 5015E68025A68CCE00C20111 /* Tutorial_02 */;
			targetProxy = 5015E6A325A68CD000C20111 /* PBXContainerItemProxy */;
		};
/* End PBXTargetDependency section */

/* Begin XCBuildConfiguration section */
		5015E6A925A68CD000C20111 /* Debug */ = {
			isa = XCBuildConfiguration;
			buildSettings = {
				ALWAYS_SEARCH_USER_PATHS = NO;
				CLANG_ANALYZER_NONNULL = YES;
				CLANG_ANALYZER_NUMBER_OBJECT_CONVERSION = YES_AGGRESSIVE;
				CLANG_CXX_LANGUAGE_STANDARD = "gnu++14";
				CLANG_CXX_LIBRARY = "libc++";
				CLANG_ENABLE_MODULES = YES;
				CLANG_ENABLE_OBJC_ARC = YES;
				CLANG_ENABLE_OBJC_WEAK = YES;
				CLANG_WARN_BLOCK_CAPTURE_AUTORELEASING = YES;
				CLANG_WARN_BOOL_CONVERSION = YES;
				CLANG_WARN_COMMA = YES;
				CLANG_WARN_CONSTANT_CONVERSION = YES;
				CLANG_WARN_DEPRECATED_OBJC_IMPLEMENTATIONS = YES;
				CLANG_WARN_DIRECT_OBJC_ISA_USAGE = YES_ERROR;
				CLANG_WARN_DOCUMENTATION_COMMENTS = YES;
				CLANG_WARN_EMPTY_BODY = YES;
				CLANG_WARN_ENUM_CONVERSION = YES;
				CLANG_WARN_INFINITE_RECURSION = YES;
				CLANG_WARN_INT_CONVERSION = YES;
				CLANG_WARN_NON_LITERAL_NULL_CONVERSION = YES;
				CLANG_WARN_OBJC_IMPLICIT_RETAIN_SELF = YES;
				CLANG_WARN_OBJC_LITERAL_CONVERSION = YES;
				CLANG_WARN_OBJC_ROOT_CLASS = YES_ERROR;
				CLANG_WARN_QUOTED_INCLUDE_IN_FRAMEWORK_HEADER = YES;
				CLANG_WARN_RANGE_LOOP_ANALYSIS = YES;
				CLANG_WARN_STRICT_PROTOTYPES = YES;
				CLANG_WARN_SUSPICIOUS_MOVE = YES;
				CLANG_WARN_UNGUARDED_AVAILABILITY = YES_AGGRESSIVE;
				CLANG_WARN_UNREACHABLE_CODE = YES;
				CLANG_WARN__DUPLICATE_METHOD_MATCH = YES;
				COPY_PHASE_STRIP = NO;
				DEBUG_INFORMATION_FORMAT = dwarf;
				ENABLE_STRICT_OBJC_MSGSEND = YES;
				ENABLE_TESTABILITY = YES;
				GCC_C_LANGUAGE_STANDARD = gnu11;
				GCC_DYNAMIC_NO_PIC = NO;
				GCC_NO_COMMON_BLOCKS = YES;
				GCC_OPTIMIZATION_LEVEL = 0;
				GCC_PREPROCESSOR_DEFINITIONS = (
					"DEBUG=1",
					"$(inherited)",
				);
				GCC_WARN_64_TO_32_BIT_CONVERSION = YES;
				GCC_WARN_ABOUT_RETURN_TYPE = YES_ERROR;
				GCC_WARN_UNDECLARED_SELECTOR = YES;
				GCC_WARN_UNINITIALIZED_AUTOS = YES_AGGRESSIVE;
				GCC_WARN_UNUSED_FUNCTION = YES;
				GCC_WARN_UNUSED_VARIABLE = YES;
				IPHONEOS_DEPLOYMENT_TARGET = 14.3;
				MTL_ENABLE_DEBUG_INFO = INCLUDE_SOURCE;
				MTL_FAST_MATH = YES;
				ONLY_ACTIVE_ARCH = YES;
				SDKROOT = iphoneos;
				SWIFT_ACTIVE_COMPILATION_CONDITIONS = DEBUG;
				SWIFT_OPTIMIZATION_LEVEL = "-Onone";
			};
			name = Debug;
		};
		5015E6AA25A68CD000C20111 /* Release */ = {
			isa = XCBuildConfiguration;
			buildSettings = {
				ALWAYS_SEARCH_USER_PATHS = NO;
				CLANG_ANALYZER_NONNULL = YES;
				CLANG_ANALYZER_NUMBER_OBJECT_CONVERSION = YES_AGGRESSIVE;
				CLANG_CXX_LANGUAGE_STANDARD = "gnu++14";
				CLANG_CXX_LIBRARY = "libc++";
				CLANG_ENABLE_MODULES = YES;
				CLANG_ENABLE_OBJC_ARC = YES;
				CLANG_ENABLE_OBJC_WEAK = YES;
				CLANG_WARN_BLOCK_CAPTURE_AUTORELEASING = YES;
				CLANG_WARN_BOOL_CONVERSION = YES;
				CLANG_WARN_COMMA = YES;
				CLANG_WARN_CONSTANT_CONVERSION = YES;
				CLANG_WARN_DEPRECATED_OBJC_IMPLEMENTATIONS = YES;
				CLANG_WARN_DIRECT_OBJC_ISA_USAGE = YES_ERROR;
				CLANG_WARN_DOCUMENTATION_COMMENTS = YES;
				CLANG_WARN_EMPTY_BODY = YES;
				CLANG_WARN_ENUM_CONVERSION = YES;
				CLANG_WARN_INFINITE_RECURSION = YES;
				CLANG_WARN_INT_CONVERSION = YES;
				CLANG_WARN_NON_LITERAL_NULL_CONVERSION = YES;
				CLANG_WARN_OBJC_IMPLICIT_RETAIN_SELF = YES;
				CLANG_WARN_OBJC_LITERAL_CONVERSION = YES;
				CLANG_WARN_OBJC_ROOT_CLASS = YES_ERROR;
				CLANG_WARN_QUOTED_INCLUDE_IN_FRAMEWORK_HEADER = YES;
				CLANG_WARN_RANGE_LOOP_ANALYSIS = YES;
				CLANG_WARN_STRICT_PROTOTYPES = YES;
				CLANG_WARN_SUSPICIOUS_MOVE = YES;
				CLANG_WARN_UNGUARDED_AVAILABILITY = YES_AGGRESSIVE;
				CLANG_WARN_UNREACHABLE_CODE = YES;
				CLANG_WARN__DUPLICATE_METHOD_MATCH = YES;
				COPY_PHASE_STRIP = NO;
				DEBUG_INFORMATION_FORMAT = "dwarf-with-dsym";
				ENABLE_NS_ASSERTIONS = NO;
				ENABLE_STRICT_OBJC_MSGSEND = YES;
				GCC_C_LANGUAGE_STANDARD = gnu11;
				GCC_NO_COMMON_BLOCKS = YES;
				GCC_WARN_64_TO_32_BIT_CONVERSION = YES;
				GCC_WARN_ABOUT_RETURN_TYPE = YES_ERROR;
				GCC_WARN_UNDECLARED_SELECTOR = YES;
				GCC_WARN_UNINITIALIZED_AUTOS = YES_AGGRESSIVE;
				GCC_WARN_UNUSED_FUNCTION = YES;
				GCC_WARN_UNUSED_VARIABLE = YES;
				IPHONEOS_DEPLOYMENT_TARGET = 14.3;
				MTL_ENABLE_DEBUG_INFO = NO;
				MTL_FAST_MATH = YES;
				SDKROOT = iphoneos;
				SWIFT_COMPILATION_MODE = wholemodule;
				SWIFT_OPTIMIZATION_LEVEL = "-O";
				VALIDATE_PRODUCT = YES;
			};
			name = Release;
		};
		5015E6AC25A68CD000C20111 /* Debug */ = {
			isa = XCBuildConfiguration;
			buildSettings = {
				ASSETCATALOG_COMPILER_APPICON_NAME = AppIcon;
				ASSETCATALOG_COMPILER_GLOBAL_ACCENT_COLOR_NAME = AccentColor;
				CODE_SIGN_STYLE = Automatic;
				DEVELOPMENT_ASSET_PATHS = "\"Tutorial_02/Preview Content\"";
				DEVELOPMENT_TEAM = CPJD36ZF3B;
				ENABLE_PREVIEWS = YES;
				INFOPLIST_FILE = Tutorial_02/Info.plist;
				IPHONEOS_DEPLOYMENT_TARGET = 14.0;
				LD_RUNPATH_SEARCH_PATHS = (
					"$(inherited)",
					"@executable_path/Frameworks",
				);
				PRODUCT_BUNDLE_IDENTIFIER = "com.TestCompany.Tutorial-02";
				PRODUCT_NAME = "$(TARGET_NAME)";
				SWIFT_VERSION = 5.0;
				TARGETED_DEVICE_FAMILY = "1,2";
			};
			name = Debug;
		};
		5015E6AD25A68CD000C20111 /* Release */ = {
			isa = XCBuildConfiguration;
			buildSettings = {
				ASSETCATALOG_COMPILER_APPICON_NAME = AppIcon;
				ASSETCATALOG_COMPILER_GLOBAL_ACCENT_COLOR_NAME = AccentColor;
				CODE_SIGN_STYLE = Automatic;
				DEVELOPMENT_ASSET_PATHS = "\"Tutorial_02/Preview Content\"";
				DEVELOPMENT_TEAM = CPJD36ZF3B;
				ENABLE_PREVIEWS = YES;
				INFOPLIST_FILE = Tutorial_02/Info.plist;
				IPHONEOS_DEPLOYMENT_TARGET = 14.0;
				LD_RUNPATH_SEARCH_PATHS = (
					"$(inherited)",
					"@executable_path/Frameworks",
				);
				PRODUCT_BUNDLE_IDENTIFIER = "com.TestCompany.Tutorial-02";
				PRODUCT_NAME = "$(TARGET_NAME)";
				SWIFT_VERSION = 5.0;
				TARGETED_DEVICE_FAMILY = "1,2";
			};
			name = Release;
		};
		5015E6AF25A68CD000C20111 /* Debug */ = {
			isa = XCBuildConfiguration;
			buildSettings = {
				ALWAYS_EMBED_SWIFT_STANDARD_LIBRARIES = YES;
				BUNDLE_LOADER = "$(TEST_HOST)";
				CODE_SIGN_STYLE = Automatic;
				DEVELOPMENT_TEAM = CPJD36ZF3B;
				INFOPLIST_FILE = Tutorial_02Tests/Info.plist;
				IPHONEOS_DEPLOYMENT_TARGET = 14.0;
				LD_RUNPATH_SEARCH_PATHS = (
					"$(inherited)",
					"@executable_path/Frameworks",
					"@loader_path/Frameworks",
				);
				PRODUCT_BUNDLE_IDENTIFIER = "com.TestCompany.Tutorial-02Tests";
				PRODUCT_NAME = "$(TARGET_NAME)";
				SWIFT_VERSION = 5.0;
				TARGETED_DEVICE_FAMILY = "1,2";
				TEST_HOST = "$(BUILT_PRODUCTS_DIR)/Tutorial_02.app/Tutorial_02";
			};
			name = Debug;
		};
		5015E6B025A68CD000C20111 /* Release */ = {
			isa = XCBuildConfiguration;
			buildSettings = {
				ALWAYS_EMBED_SWIFT_STANDARD_LIBRARIES = YES;
				BUNDLE_LOADER = "$(TEST_HOST)";
				CODE_SIGN_STYLE = Automatic;
				DEVELOPMENT_TEAM = CPJD36ZF3B;
				INFOPLIST_FILE = Tutorial_02Tests/Info.plist;
				IPHONEOS_DEPLOYMENT_TARGET = 14.0;
				LD_RUNPATH_SEARCH_PATHS = (
					"$(inherited)",
					"@executable_path/Frameworks",
					"@loader_path/Frameworks",
				);
				PRODUCT_BUNDLE_IDENTIFIER = "com.TestCompany.Tutorial-02Tests";
				PRODUCT_NAME = "$(TARGET_NAME)";
				SWIFT_VERSION = 5.0;
				TARGETED_DEVICE_FAMILY = "1,2";
				TEST_HOST = "$(BUILT_PRODUCTS_DIR)/Tutorial_02.app/Tutorial_02";
			};
			name = Release;
		};
		5015E6B225A68CD000C20111 /* Debug */ = {
			isa = XCBuildConfiguration;
			buildSettings = {
				ALWAYS_EMBED_SWIFT_STANDARD_LIBRARIES = YES;
				CODE_SIGN_STYLE = Automatic;
				DEVELOPMENT_TEAM = CPJD36ZF3B;
				INFOPLIST_FILE = Tutorial_02UITests/Info.plist;
				LD_RUNPATH_SEARCH_PATHS = (
					"$(inherited)",
					"@executable_path/Frameworks",
					"@loader_path/Frameworks",
				);
				PRODUCT_BUNDLE_IDENTIFIER = "com.TestCompany.Tutorial-02UITests";
				PRODUCT_NAME = "$(TARGET_NAME)";
				SWIFT_VERSION = 5.0;
				TARGETED_DEVICE_FAMILY = "1,2";
				TEST_TARGET_NAME = Tutorial_02;
			};
			name = Debug;
		};
		5015E6B325A68CD000C20111 /* Release */ = {
			isa = XCBuildConfiguration;
			buildSettings = {
				ALWAYS_EMBED_SWIFT_STANDARD_LIBRARIES = YES;
				CODE_SIGN_STYLE = Automatic;
				DEVELOPMENT_TEAM = CPJD36ZF3B;
				INFOPLIST_FILE = Tutorial_02UITests/Info.plist;
				LD_RUNPATH_SEARCH_PATHS = (
					"$(inherited)",
					"@executable_path/Frameworks",
					"@loader_path/Frameworks",
				);
				PRODUCT_BUNDLE_IDENTIFIER = "com.TestCompany.Tutorial-02UITests";
				PRODUCT_NAME = "$(TARGET_NAME)";
				SWIFT_VERSION = 5.0;
				TARGETED_DEVICE_FAMILY = "1,2";
				TEST_TARGET_NAME = Tutorial_02;
			};
			name = Release;
		};
/* End XCBuildConfiguration section */

/* Begin XCConfigurationList section */
		5015E67C25A68CCE00C20111 /* Build configuration list for PBXProject "Tutorial_02" */ = {
			isa = XCConfigurationList;
			buildConfigurations = (
				5015E6A925A68CD000C20111 /* Debug */,
				5015E6AA25A68CD000C20111 /* Release */,
			);
			defaultConfigurationIsVisible = 0;
			defaultConfigurationName = Release;
		};
		5015E6AB25A68CD000C20111 /* Build configuration list for PBXNativeTarget "Tutorial_02" */ = {
			isa = XCConfigurationList;
			buildConfigurations = (
				5015E6AC25A68CD000C20111 /* Debug */,
				5015E6AD25A68CD000C20111 /* Release */,
			);
			defaultConfigurationIsVisible = 0;
			defaultConfigurationName = Release;
		};
		5015E6AE25A68CD000C20111 /* Build configuration list for PBXNativeTarget "Tutorial_02Tests" */ = {
			isa = XCConfigurationList;
			buildConfigurations = (
				5015E6AF25A68CD000C20111 /* Debug */,
				5015E6B025A68CD000C20111 /* Release */,
			);
			defaultConfigurationIsVisible = 0;
			defaultConfigurationName = Release;
		};
		5015E6B125A68CD000C20111 /* Build configuration list for PBXNativeTarget "Tutorial_02UITests" */ = {
			isa = XCConfigurationList;
			buildConfigurations = (
				5015E6B225A68CD000C20111 /* Debug */,
				5015E6B325A68CD000C20111 /* Release */,
			);
			defaultConfigurationIsVisible = 0;
			defaultConfigurationName = Release;
		};
/* End XCConfigurationList section */

/* Begin XCVersionGroup section */
		5015E68F25A68CCF00C20111 /* Tutorial_02.xcdatamodeld */ = {
			isa = XCVersionGroup;
			children = (
				5015E69025A68CCF00C20111 /* Tutorial_02.xcdatamodel */,
			);
			currentVersion = 5015E69025A68CCF00C20111 /* Tutorial_02.xcdatamodel */;
			path = Tutorial_02.xcdatamodeld;
			sourceTree = "<group>";
			versionGroupType = wrapper.xcdatamodel;
		};
/* End XCVersionGroup section */
	};
	rootObject = 5015E67925A68CCE00C20111 /* Project object */;
}
